
Microsoft Visual Studio Solution File, Format Version 12.00
# Visual Studio Version 17
VisualStudioVersion = 17.4.33213.308
MinimumVisualStudioVersion = 10.0.40219.1
Project("{9A19103F-16F7-4668-BE54-9A1E7A4F7556}") = "bibl", "bibl\bibl.csproj", "{4AB97E80-E04D-42BA-8E9B-911B64CDB993}"
EndProject
Project("{FAE04EC0-301F-11D3-BF4B-00C04F79EFBC}") = "SerializationLibrary", "SerializationLibrary\SerializationLibrary.csproj", "{FDE53ADD-2CD8-4BEF-98B3-E2CA2929DED2}"
EndProject
Global
	GlobalSection(SolutionConfigurationPlatforms) = preSolution
		Debug|Any CPU = Debug|Any CPU
		Release|Any CPU = Release|Any CPU
	EndGlobalSection
	GlobalSection(ProjectConfigurationPlatforms) = postSolution
		{4AB97E80-E04D-42BA-8E9B-911B64CDB993}.Debug|Any CPU.ActiveCfg = Debug|Any CPU
		{4AB97E80-E04D-42BA-8E9B-911B64CDB993}.Debug|Any CPU.Build.0 = Debug|Any CPU
		{4AB97E80-E04D-42BA-8E9B-911B64CDB993}.Release|Any CPU.ActiveCfg = Release|Any CPU
		{4AB97E80-E04D-42BA-8E9B-911B64CDB993}.Release|Any CPU.Build.0 = Release|Any CPU
		{FDE53ADD-2CD8-4BEF-98B3-E2CA2929DED2}.Debug|Any CPU.ActiveCfg = Debug|Any CPU
		{FDE53ADD-2CD8-4BEF-98B3-E2CA2929DED2}.Debug|Any CPU.Build.0 = Debug|Any CPU
		{FDE53ADD-2CD8-4BEF-98B3-E2CA2929DED2}.Release|Any CPU.ActiveCfg = Release|Any CPU
		{FDE53ADD-2CD8-4BEF-98B3-E2CA2929DED2}.Release|Any CPU.Build.0 = Release|Any CPU
	EndGlobalSection
	GlobalSection(SolutionProperties) = preSolution
		HideSolutionNode = FALSE
	EndGlobalSection
	GlobalSection(ExtensibilityGlobals) = postSolution
		SolutionGuid = {F6918D9B-356D-4418-8829-37112921AE9D}
	EndGlobalSection
EndGlobal
